
Microsoft Visual Studio Solution File, Format Version 12.00
# Visual Studio Version 16
VisualStudioVersion = 16.0.30503.244
MinimumVisualStudioVersion = 10.0.40219.1
Project("{9A19103F-16F7-4668-BE54-9A1E7A4F7556}") = "INDIMIN", "INDIMIN\INDIMIN.csproj", "{BDCCAE24-67E4-4559-B31E-173C04505DED}"
EndProject
Project("{9A19103F-16F7-4668-BE54-9A1E7A4F7556}") = "Modelo", "Modelo\Modelo.csproj", "{482328A2-CF5C-4577-A720-245E718E76A3}"
EndProject
Project("{9A19103F-16F7-4668-BE54-9A1E7A4F7556}") = "AccesoDato", "AccesoDato\AccesoDato.csproj", "{BFF1BF70-619B-4E1A-8D23-8ADC76D28E82}"
EndProject
Project("{9A19103F-16F7-4668-BE54-9A1E7A4F7556}") = "LogicaNegocio", "LogicaNegocio\LogicaNegocio.csproj", "{0F298C7F-B86C-4BE4-AD2A-C400415360B2}"
EndProject
Project("{FAE04EC0-301F-11D3-BF4B-00C04F79EFBC}") = "INDIMINWEB", "INDIMINWEB\INDIMINWEB.csproj", "{F9C38F7F-0BB2-4B5E-B104-E99251117D2A}"
EndProject
Global
	GlobalSection(SolutionConfigurationPlatforms) = preSolution
		Debug|Any CPU = Debug|Any CPU
		Release|Any CPU = Release|Any CPU
	EndGlobalSection
	GlobalSection(ProjectConfigurationPlatforms) = postSolution
		{BDCCAE24-67E4-4559-B31E-173C04505DED}.Debug|Any CPU.ActiveCfg = Debug|Any CPU
		{BDCCAE24-67E4-4559-B31E-173C04505DED}.Debug|Any CPU.Build.0 = Debug|Any CPU
		{BDCCAE24-67E4-4559-B31E-173C04505DED}.Release|Any CPU.ActiveCfg = Release|Any CPU
		{BDCCAE24-67E4-4559-B31E-173C04505DED}.Release|Any CPU.Build.0 = Release|Any CPU
		{482328A2-CF5C-4577-A720-245E718E76A3}.Debug|Any CPU.ActiveCfg = Debug|Any CPU
		{482328A2-CF5C-4577-A720-245E718E76A3}.Debug|Any CPU.Build.0 = Debug|Any CPU
		{482328A2-CF5C-4577-A720-245E718E76A3}.Release|Any CPU.ActiveCfg = Release|Any CPU
		{482328A2-CF5C-4577-A720-245E718E76A3}.Release|Any CPU.Build.0 = Release|Any CPU
		{BFF1BF70-619B-4E1A-8D23-8ADC76D28E82}.Debug|Any CPU.ActiveCfg = Debug|Any CPU
		{BFF1BF70-619B-4E1A-8D23-8ADC76D28E82}.Debug|Any CPU.Build.0 = Debug|Any CPU
		{BFF1BF70-619B-4E1A-8D23-8ADC76D28E82}.Release|Any CPU.ActiveCfg = Release|Any CPU
		{BFF1BF70-619B-4E1A-8D23-8ADC76D28E82}.Release|Any CPU.Build.0 = Release|Any CPU
		{0F298C7F-B86C-4BE4-AD2A-C400415360B2}.Debug|Any CPU.ActiveCfg = Debug|Any CPU
		{0F298C7F-B86C-4BE4-AD2A-C400415360B2}.Debug|Any CPU.Build.0 = Debug|Any CPU
		{0F298C7F-B86C-4BE4-AD2A-C400415360B2}.Release|Any CPU.ActiveCfg = Release|Any CPU
		{0F298C7F-B86C-4BE4-AD2A-C400415360B2}.Release|Any CPU.Build.0 = Release|Any CPU
		{F9C38F7F-0BB2-4B5E-B104-E99251117D2A}.Debug|Any CPU.ActiveCfg = Debug|Any CPU
		{F9C38F7F-0BB2-4B5E-B104-E99251117D2A}.Debug|Any CPU.Build.0 = Debug|Any CPU
		{F9C38F7F-0BB2-4B5E-B104-E99251117D2A}.Release|Any CPU.ActiveCfg = Release|Any CPU
		{F9C38F7F-0BB2-4B5E-B104-E99251117D2A}.Release|Any CPU.Build.0 = Release|Any CPU
	EndGlobalSection
	GlobalSection(SolutionProperties) = preSolution
		HideSolutionNode = FALSE
	EndGlobalSection
	GlobalSection(ExtensibilityGlobals) = postSolution
		SolutionGuid = {3EFC508D-4087-42ED-989A-591408531B5D}
	EndGlobalSection
EndGlobal
